
Microsoft Visual Studio Solution File, Format Version 12.00
# Visual Studio Version 17
VisualStudioVersion = 17.4.33110.190
MinimumVisualStudioVersion = 10.0.40219.1
Project("{9A19103F-16F7-4668-BE54-9A1E7A4F7556}") = "ProyectoLogin", "ProyectoLogin\ProyectoLogin.csproj", "{17CBABC6-C64E-46FF-8A92-A83D3366E8BD}"
EndProject
Project("{FAE04EC0-301F-11D3-BF4B-00C04F79EFBC}") = "Utilidad", "Utilidad\Utilidad.csproj", "{BC6DC874-3AF7-4378-A26B-B2725D9C2489}"
EndProject
Global
	GlobalSection(SolutionConfigurationPlatforms) = preSolution
		Debug|Any CPU = Debug|Any CPU
		Release|Any CPU = Release|Any CPU
	EndGlobalSection
	GlobalSection(ProjectConfigurationPlatforms) = postSolution
		{17CBABC6-C64E-46FF-8A92-A83D3366E8BD}.Debug|Any CPU.ActiveCfg = Debug|Any CPU
		{17CBABC6-C64E-46FF-8A92-A83D3366E8BD}.Debug|Any CPU.Build.0 = Debug|Any CPU
		{17CBABC6-C64E-46FF-8A92-A83D3366E8BD}.Release|Any CPU.ActiveCfg = Release|Any CPU
		{17CBABC6-C64E-46FF-8A92-A83D3366E8BD}.Release|Any CPU.Build.0 = Release|Any CPU
		{BC6DC874-3AF7-4378-A26B-B2725D9C2489}.Debug|Any CPU.ActiveCfg = Debug|Any CPU
		{BC6DC874-3AF7-4378-A26B-B2725D9C2489}.Debug|Any CPU.Build.0 = Debug|Any CPU
		{BC6DC874-3AF7-4378-A26B-B2725D9C2489}.Release|Any CPU.ActiveCfg = Release|Any CPU
		{BC6DC874-3AF7-4378-A26B-B2725D9C2489}.Release|Any CPU.Build.0 = Release|Any CPU
	EndGlobalSection
	GlobalSection(SolutionProperties) = preSolution
		HideSolutionNode = FALSE
	EndGlobalSection
	GlobalSection(ExtensibilityGlobals) = postSolution
		SolutionGuid = {9C117FC9-0659-43FF-AD96-477B1A444160}
	EndGlobalSection
EndGlobal
